
Microsoft Visual Studio Solution File, Format Version 12.00
# Visual Studio Version 16
VisualStudioVersion = 16.0.31702.278
MinimumVisualStudioVersion = 10.0.40219.1
Project("{2150E333-8FDC-42A3-9474-1A3956D46DE8}") = "CleanArch.Application", "CleanArch.Application", "{B16D87FB-B14E-4C5C-A193-A56B3665EBDD}"
EndProject
Project("{2150E333-8FDC-42A3-9474-1A3956D46DE8}") = "CleanArch.Domain", "CleanArch.Domain", "{8A2C07D7-2D90-4F3A-99A5-EA3E86F3DC8C}"
EndProject
Project("{2150E333-8FDC-42A3-9474-1A3956D46DE8}") = "CleanArch.Infra.IoC", "CleanArch.Infra.IoC", "{F9536F04-C4D0-4A78-8ABB-D82E68EFF630}"
EndProject
Project("{2150E333-8FDC-42A3-9474-1A3956D46DE8}") = "CleanArch.infra.Data", "CleanArch.infra.Data", "{257DB2EF-B2EC-48D5-9254-BCC7EB3A7755}"
EndProject
Project("{2150E333-8FDC-42A3-9474-1A3956D46DE8}") = "CleanArch.UI.Mvc", "CleanArch.UI.Mvc", "{418F5C3F-CD3B-4D34-BB86-8B0967EE12C1}"
EndProject
Project("{2150E333-8FDC-42A3-9474-1A3956D46DE8}") = "CleanArch.Web.API", "CleanArch.Web.API", "{D5CA48B3-BCA2-44E7-B221-049B24082624}"
EndProject
Global
	GlobalSection(SolutionProperties) = preSolution
		HideSolutionNode = FALSE
	EndGlobalSection
	GlobalSection(ExtensibilityGlobals) = postSolution
		SolutionGuid = {DA98F4A5-61F2-42F5-81CD-B8C915D08DF3}
	EndGlobalSection
EndGlobal
